
Microsoft Visual Studio Solution File, Format Version 12.00
# Visual Studio Version 16
VisualStudioVersion = 16.0.30204.135
MinimumVisualStudioVersion = 10.0.40219.1
Project("{FAE04EC0-301F-11D3-BF4B-00C04F79EFBC}") = "MainProdjekt", "MainProdjekt\MainProdjekt.csproj", "{BFB6EBDA-26BE-42FE-A121-FE8AC72CA8F6}"
EndProject
Global
	GlobalSection(SolutionConfigurationPlatforms) = preSolution
		Debug|Any CPU = Debug|Any CPU
		Release|Any CPU = Release|Any CPU
	EndGlobalSection
	GlobalSection(ProjectConfigurationPlatforms) = postSolution
		{BFB6EBDA-26BE-42FE-A121-FE8AC72CA8F6}.Debug|Any CPU.ActiveCfg = Debug|Any CPU
		{BFB6EBDA-26BE-42FE-A121-FE8AC72CA8F6}.Debug|Any CPU.Build.0 = Debug|Any CPU
		{BFB6EBDA-26BE-42FE-A121-FE8AC72CA8F6}.Release|Any CPU.ActiveCfg = Release|Any CPU
		{BFB6EBDA-26BE-42FE-A121-FE8AC72CA8F6}.Release|Any CPU.Build.0 = Release|Any CPU
	EndGlobalSection
	GlobalSection(SolutionProperties) = preSolution
		HideSolutionNode = FALSE
	EndGlobalSection
	GlobalSection(ExtensibilityGlobals) = postSolution
		SolutionGuid = {8A187FD2-DFFD-4C76-8761-4EE65E1B83BD}
	EndGlobalSection
EndGlobal
